
Microsoft Visual Studio Solution File, Format Version 12.00
# Visual Studio Version 17
VisualStudioVersion = 17.4.33205.214
MinimumVisualStudioVersion = 10.0.40219.1
Project("{9A19103F-16F7-4668-BE54-9A1E7A4F7556}") = "KickStat.App", "KickStat.App\KickStat.App.csproj", "{28BD5296-E24B-4C58-9307-2B63A33FF40E}"
EndProject
Project("{2150E333-8FDC-42A3-9474-1A3956D46DE8}") = "UI", "UI", "{42C8E618-A11C-4477-A0F0-76BDA5FC361C}"
EndProject
Project("{2150E333-8FDC-42A3-9474-1A3956D46DE8}") = "Libraries", "Libraries", "{7FD8B6A3-5879-4B2F-BEF9-DFF087C37394}"
EndProject
Project("{9A19103F-16F7-4668-BE54-9A1E7A4F7556}") = "KickStat.Core", "KickStat.Core\KickStat.Core.csproj", "{3A1398F5-27DB-4CA1-B5D4-1164D31B698F}"
EndProject
Project("{9A19103F-16F7-4668-BE54-9A1E7A4F7556}") = "KickStat.Data.Core", "KickStat.Data.Core\KickStat.Data.Core.csproj", "{88618D2A-2729-4BA6-B5AF-992FE0907A17}"
EndProject
Project("{9A19103F-16F7-4668-BE54-9A1E7A4F7556}") = "KickStat.Data.Main", "KickStat.Data.Main\KickStat.Data.Main.csproj", "{32D30342-2106-428D-8926-FE35D2D666D4}"
EndProject
Project("{9A19103F-16F7-4668-BE54-9A1E7A4F7556}") = "KickStat.Web.Framework", "KickStat.Web.Framework\KickStat.Web.Framework.csproj", "{E7DCACD3-6AFE-4A0F-9278-51A2A0DBBF2F}"
EndProject
Project("{9A19103F-16F7-4668-BE54-9A1E7A4F7556}") = "KickStat.Services", "KickStat.Services\KickStat.Services.csproj", "{573A0767-2776-4894-B48C-76C9930F4C40}"
EndProject
Project("{9A19103F-16F7-4668-BE54-9A1E7A4F7556}") = "KickStat.Models", "KickStat.Models\KickStat.Models.csproj", "{4D31DEE0-7C27-4934-92A6-9AECBEE49104}"
EndProject
Project("{9A19103F-16F7-4668-BE54-9A1E7A4F7556}") = "KickStat.Api", "KickStat.Api\KickStat.Api.csproj", "{C137C538-204F-4007-A50E-1579E24F49D0}"
EndProject
Global
	GlobalSection(SolutionConfigurationPlatforms) = preSolution
		Debug|Any CPU = Debug|Any CPU
		Release|Any CPU = Release|Any CPU
	EndGlobalSection
	GlobalSection(ProjectConfigurationPlatforms) = postSolution
		{28BD5296-E24B-4C58-9307-2B63A33FF40E}.Debug|Any CPU.ActiveCfg = Debug|Any CPU
		{28BD5296-E24B-4C58-9307-2B63A33FF40E}.Debug|Any CPU.Build.0 = Debug|Any CPU
		{28BD5296-E24B-4C58-9307-2B63A33FF40E}.Release|Any CPU.ActiveCfg = Release|Any CPU
		{28BD5296-E24B-4C58-9307-2B63A33FF40E}.Release|Any CPU.Build.0 = Release|Any CPU
		{3A1398F5-27DB-4CA1-B5D4-1164D31B698F}.Debug|Any CPU.ActiveCfg = Debug|Any CPU
		{3A1398F5-27DB-4CA1-B5D4-1164D31B698F}.Debug|Any CPU.Build.0 = Debug|Any CPU
		{3A1398F5-27DB-4CA1-B5D4-1164D31B698F}.Release|Any CPU.ActiveCfg = Release|Any CPU
		{3A1398F5-27DB-4CA1-B5D4-1164D31B698F}.Release|Any CPU.Build.0 = Release|Any CPU
		{88618D2A-2729-4BA6-B5AF-992FE0907A17}.Debug|Any CPU.ActiveCfg = Debug|Any CPU
		{88618D2A-2729-4BA6-B5AF-992FE0907A17}.Debug|Any CPU.Build.0 = Debug|Any CPU
		{88618D2A-2729-4BA6-B5AF-992FE0907A17}.Release|Any CPU.ActiveCfg = Release|Any CPU
		{88618D2A-2729-4BA6-B5AF-992FE0907A17}.Release|Any CPU.Build.0 = Release|Any CPU
		{32D30342-2106-428D-8926-FE35D2D666D4}.Debug|Any CPU.ActiveCfg = Debug|Any CPU
		{32D30342-2106-428D-8926-FE35D2D666D4}.Debug|Any CPU.Build.0 = Debug|Any CPU
		{32D30342-2106-428D-8926-FE35D2D666D4}.Release|Any CPU.ActiveCfg = Release|Any CPU
		{32D30342-2106-428D-8926-FE35D2D666D4}.Release|Any CPU.Build.0 = Release|Any CPU
		{E7DCACD3-6AFE-4A0F-9278-51A2A0DBBF2F}.Debug|Any CPU.ActiveCfg = Debug|Any CPU
		{E7DCACD3-6AFE-4A0F-9278-51A2A0DBBF2F}.Debug|Any CPU.Build.0 = Debug|Any CPU
		{E7DCACD3-6AFE-4A0F-9278-51A2A0DBBF2F}.Release|Any CPU.ActiveCfg = Release|Any CPU
		{E7DCACD3-6AFE-4A0F-9278-51A2A0DBBF2F}.Release|Any CPU.Build.0 = Release|Any CPU
		{573A0767-2776-4894-B48C-76C9930F4C40}.Debug|Any CPU.ActiveCfg = Debug|Any CPU
		{573A0767-2776-4894-B48C-76C9930F4C40}.Debug|Any CPU.Build.0 = Debug|Any CPU
		{573A0767-2776-4894-B48C-76C9930F4C40}.Release|Any CPU.ActiveCfg = Release|Any CPU
		{573A0767-2776-4894-B48C-76C9930F4C40}.Release|Any CPU.Build.0 = Release|Any CPU
		{4D31DEE0-7C27-4934-92A6-9AECBEE49104}.Debug|Any CPU.ActiveCfg = Debug|Any CPU
		{4D31DEE0-7C27-4934-92A6-9AECBEE49104}.Debug|Any CPU.Build.0 = Debug|Any CPU
		{4D31DEE0-7C27-4934-92A6-9AECBEE49104}.Release|Any CPU.ActiveCfg = Release|Any CPU
		{4D31DEE0-7C27-4934-92A6-9AECBEE49104}.Release|Any CPU.Build.0 = Release|Any CPU
		{C137C538-204F-4007-A50E-1579E24F49D0}.Debug|Any CPU.ActiveCfg = Debug|Any CPU
		{C137C538-204F-4007-A50E-1579E24F49D0}.Debug|Any CPU.Build.0 = Debug|Any CPU
		{C137C538-204F-4007-A50E-1579E24F49D0}.Release|Any CPU.ActiveCfg = Release|Any CPU
		{C137C538-204F-4007-A50E-1579E24F49D0}.Release|Any CPU.Build.0 = Release|Any CPU
	EndGlobalSection
	GlobalSection(SolutionProperties) = preSolution
		HideSolutionNode = FALSE
	EndGlobalSection
	GlobalSection(NestedProjects) = preSolution
		{28BD5296-E24B-4C58-9307-2B63A33FF40E} = {42C8E618-A11C-4477-A0F0-76BDA5FC361C}
		{3A1398F5-27DB-4CA1-B5D4-1164D31B698F} = {7FD8B6A3-5879-4B2F-BEF9-DFF087C37394}
		{88618D2A-2729-4BA6-B5AF-992FE0907A17} = {7FD8B6A3-5879-4B2F-BEF9-DFF087C37394}
		{32D30342-2106-428D-8926-FE35D2D666D4} = {7FD8B6A3-5879-4B2F-BEF9-DFF087C37394}
		{E7DCACD3-6AFE-4A0F-9278-51A2A0DBBF2F} = {7FD8B6A3-5879-4B2F-BEF9-DFF087C37394}
		{573A0767-2776-4894-B48C-76C9930F4C40} = {7FD8B6A3-5879-4B2F-BEF9-DFF087C37394}
		{4D31DEE0-7C27-4934-92A6-9AECBEE49104} = {7FD8B6A3-5879-4B2F-BEF9-DFF087C37394}
		{C137C538-204F-4007-A50E-1579E24F49D0} = {42C8E618-A11C-4477-A0F0-76BDA5FC361C}
	EndGlobalSection
	GlobalSection(ExtensibilityGlobals) = postSolution
		SolutionGuid = {C72B1E91-1797-46EC-831E-E460030228FE}
	EndGlobalSection
EndGlobal
